
Microsoft Visual Studio Solution File, Format Version 12.00
# Visual Studio Version 17
VisualStudioVersion = 17.14.36616.10 d17.14
MinimumVisualStudioVersion = 10.0.40219.1
Project("{FAE04EC0-301F-11D3-BF4B-00C04F79EFBC}") = "BoatDamageFix", "BoatDamageFix.csproj", "{2B6609C2-66DB-4A3D-9684-0A4C9B342AEE}"
EndProject
Global
	GlobalSection(SolutionConfigurationPlatforms) = preSolution
		Debug|Any CPU = Debug|Any CPU
		Release|Any CPU = Release|Any CPU
	EndGlobalSection
	GlobalSection(ProjectConfigurationPlatforms) = postSolution
		{2B6609C2-66DB-4A3D-9684-0A4C9B342AEE}.Debug|Any CPU.ActiveCfg = Debug|Any CPU
		{2B6609C2-66DB-4A3D-9684-0A4C9B342AEE}.Debug|Any CPU.Build.0 = Debug|Any CPU
		{2B6609C2-66DB-4A3D-9684-0A4C9B342AEE}.Release|Any CPU.ActiveCfg = Release|Any CPU
		{2B6609C2-66DB-4A3D-9684-0A4C9B342AEE}.Release|Any CPU.Build.0 = Release|Any CPU
	EndGlobalSection
	GlobalSection(SolutionProperties) = preSolution
		HideSolutionNode = FALSE
	EndGlobalSection
	GlobalSection(ExtensibilityGlobals) = postSolution
		SolutionGuid = {DFFD4FDE-1662-44E5-9C8E-3A3D130BF2BC}
	EndGlobalSection
EndGlobal
